
Microsoft Visual Studio Solution File, Format Version 12.00
# Visual Studio Version 17
VisualStudioVersion = 17.5.33414.496
MinimumVisualStudioVersion = 10.0.40219.1
Project("{FAE04EC0-301F-11D3-BF4B-00C04F79EFBC}") = "MagicVilla_API", "MagicVilla_API\MagicVilla_API.csproj", "{64A71CE5-A825-4195-A404-35F2D2F1FE4F}"
EndProject
Global
	GlobalSection(SolutionConfigurationPlatforms) = preSolution
		Debug|Any CPU = Debug|Any CPU
		Release|Any CPU = Release|Any CPU
	EndGlobalSection
	GlobalSection(ProjectConfigurationPlatforms) = postSolution
		{64A71CE5-A825-4195-A404-35F2D2F1FE4F}.Debug|Any CPU.ActiveCfg = Debug|Any CPU
		{64A71CE5-A825-4195-A404-35F2D2F1FE4F}.Debug|Any CPU.Build.0 = Debug|Any CPU
		{64A71CE5-A825-4195-A404-35F2D2F1FE4F}.Release|Any CPU.ActiveCfg = Release|Any CPU
		{64A71CE5-A825-4195-A404-35F2D2F1FE4F}.Release|Any CPU.Build.0 = Release|Any CPU
	EndGlobalSection
	GlobalSection(SolutionProperties) = preSolution
		HideSolutionNode = FALSE
	EndGlobalSection
	GlobalSection(ExtensibilityGlobals) = postSolution
		SolutionGuid = {19B58472-57A8-48CC-AD86-5FA9957A678E}
	EndGlobalSection
EndGlobal
